
Microsoft Visual Studio Solution File, Format Version 12.00
# Visual Studio 15
VisualStudioVersion = 15.0.26124.0
MinimumVisualStudioVersion = 15.0.26124.0
Project("{F2A71F9B-5D33-465A-A702-920D77279786}") = "tycoonService", "tycoonService\tycoonService.fsproj", "{A6B8CC4B-59E8-42E5-B8CB-1FD30F9CFFCB}"
EndProject
Project("{F2A71F9B-5D33-465A-A702-920D77279786}") = "tycoonService.Tests", "tycoonService.Tests\tycoonService.Tests.fsproj", "{9E6D7881-EB12-4120-A3D1-A0570F90893B}"
EndProject
Global
	GlobalSection(SolutionConfigurationPlatforms) = preSolution
		Debug|Any CPU = Debug|Any CPU
		Debug|x64 = Debug|x64
		Debug|x86 = Debug|x86
		Release|Any CPU = Release|Any CPU
		Release|x64 = Release|x64
		Release|x86 = Release|x86
	EndGlobalSection
	GlobalSection(SolutionProperties) = preSolution
		HideSolutionNode = FALSE
	EndGlobalSection
	GlobalSection(ProjectConfigurationPlatforms) = postSolution
		{A6B8CC4B-59E8-42E5-B8CB-1FD30F9CFFCB}.Debug|Any CPU.ActiveCfg = Debug|Any CPU
		{A6B8CC4B-59E8-42E5-B8CB-1FD30F9CFFCB}.Debug|Any CPU.Build.0 = Debug|Any CPU
		{A6B8CC4B-59E8-42E5-B8CB-1FD30F9CFFCB}.Debug|x64.ActiveCfg = Debug|Any CPU
		{A6B8CC4B-59E8-42E5-B8CB-1FD30F9CFFCB}.Debug|x64.Build.0 = Debug|Any CPU
		{A6B8CC4B-59E8-42E5-B8CB-1FD30F9CFFCB}.Debug|x86.ActiveCfg = Debug|Any CPU
		{A6B8CC4B-59E8-42E5-B8CB-1FD30F9CFFCB}.Debug|x86.Build.0 = Debug|Any CPU
		{A6B8CC4B-59E8-42E5-B8CB-1FD30F9CFFCB}.Release|Any CPU.ActiveCfg = Release|Any CPU
		{A6B8CC4B-59E8-42E5-B8CB-1FD30F9CFFCB}.Release|Any CPU.Build.0 = Release|Any CPU
		{A6B8CC4B-59E8-42E5-B8CB-1FD30F9CFFCB}.Release|x64.ActiveCfg = Release|Any CPU
		{A6B8CC4B-59E8-42E5-B8CB-1FD30F9CFFCB}.Release|x64.Build.0 = Release|Any CPU
		{A6B8CC4B-59E8-42E5-B8CB-1FD30F9CFFCB}.Release|x86.ActiveCfg = Release|Any CPU
		{A6B8CC4B-59E8-42E5-B8CB-1FD30F9CFFCB}.Release|x86.Build.0 = Release|Any CPU
		{9E6D7881-EB12-4120-A3D1-A0570F90893B}.Debug|Any CPU.ActiveCfg = Debug|Any CPU
		{9E6D7881-EB12-4120-A3D1-A0570F90893B}.Debug|Any CPU.Build.0 = Debug|Any CPU
		{9E6D7881-EB12-4120-A3D1-A0570F90893B}.Debug|x64.ActiveCfg = Debug|Any CPU
		{9E6D7881-EB12-4120-A3D1-A0570F90893B}.Debug|x64.Build.0 = Debug|Any CPU
		{9E6D7881-EB12-4120-A3D1-A0570F90893B}.Debug|x86.ActiveCfg = Debug|Any CPU
		{9E6D7881-EB12-4120-A3D1-A0570F90893B}.Debug|x86.Build.0 = Debug|Any CPU
		{9E6D7881-EB12-4120-A3D1-A0570F90893B}.Release|Any CPU.ActiveCfg = Release|Any CPU
		{9E6D7881-EB12-4120-A3D1-A0570F90893B}.Release|Any CPU.Build.0 = Release|Any CPU
		{9E6D7881-EB12-4120-A3D1-A0570F90893B}.Release|x64.ActiveCfg = Release|Any CPU
		{9E6D7881-EB12-4120-A3D1-A0570F90893B}.Release|x64.Build.0 = Release|Any CPU
		{9E6D7881-EB12-4120-A3D1-A0570F90893B}.Release|x86.ActiveCfg = Release|Any CPU
		{9E6D7881-EB12-4120-A3D1-A0570F90893B}.Release|x86.Build.0 = Release|Any CPU
	EndGlobalSection
EndGlobal
